
Microsoft Visual Studio Solution File, Format Version 12.00
# Visual Studio Version 16
VisualStudioVersion = 16.0.31702.278
MinimumVisualStudioVersion = 10.0.40219.1
Project("{FAE04EC0-301F-11D3-BF4B-00C04F79EFBC}") = "ProjectWork", "ProjectWork\ProjectWork.csproj", "{F54808D4-53A1-45CB-A0FB-14C713800403}"
EndProject
Global
	GlobalSection(SolutionConfigurationPlatforms) = preSolution
		Debug|Any CPU = Debug|Any CPU
		Release|Any CPU = Release|Any CPU
	EndGlobalSection
	GlobalSection(ProjectConfigurationPlatforms) = postSolution
		{F54808D4-53A1-45CB-A0FB-14C713800403}.Debug|Any CPU.ActiveCfg = Debug|Any CPU
		{F54808D4-53A1-45CB-A0FB-14C713800403}.Debug|Any CPU.Build.0 = Debug|Any CPU
		{F54808D4-53A1-45CB-A0FB-14C713800403}.Release|Any CPU.ActiveCfg = Release|Any CPU
		{F54808D4-53A1-45CB-A0FB-14C713800403}.Release|Any CPU.Build.0 = Release|Any CPU
	EndGlobalSection
	GlobalSection(SolutionProperties) = preSolution
		HideSolutionNode = FALSE
	EndGlobalSection
	GlobalSection(ExtensibilityGlobals) = postSolution
		SolutionGuid = {28C9421C-3637-40D9-80DB-16FAE2C6349E}
	EndGlobalSection
EndGlobal
